
Microsoft Visual Studio Solution File, Format Version 12.00
# Visual Studio 15
VisualStudioVersion = 15.0.28010.2003
MinimumVisualStudioVersion = 10.0.40219.1
Project("{FAE04EC0-301F-11D3-BF4B-00C04F79EFBC}") = "Cia_Aerea", "Cia_Aerea\Cia_Aerea.csproj", "{31A09E7F-62FC-4EC1-AD07-2278E3F4802A}"
EndProject
Global
	GlobalSection(SolutionConfigurationPlatforms) = preSolution
		Debug|Any CPU = Debug|Any CPU
		Release|Any CPU = Release|Any CPU
	EndGlobalSection
	GlobalSection(ProjectConfigurationPlatforms) = postSolution
		{31A09E7F-62FC-4EC1-AD07-2278E3F4802A}.Debug|Any CPU.ActiveCfg = Debug|Any CPU
		{31A09E7F-62FC-4EC1-AD07-2278E3F4802A}.Debug|Any CPU.Build.0 = Debug|Any CPU
		{31A09E7F-62FC-4EC1-AD07-2278E3F4802A}.Release|Any CPU.ActiveCfg = Release|Any CPU
		{31A09E7F-62FC-4EC1-AD07-2278E3F4802A}.Release|Any CPU.Build.0 = Release|Any CPU
	EndGlobalSection
	GlobalSection(SolutionProperties) = preSolution
		HideSolutionNode = FALSE
	EndGlobalSection
	GlobalSection(ExtensibilityGlobals) = postSolution
		SolutionGuid = {D2D1A90A-147E-4AC1-8633-34D7D82D0F57}
	EndGlobalSection
EndGlobal
